
Microsoft Visual Studio Solution File, Format Version 12.00
# Visual Studio Version 17
VisualStudioVersion = 17.0.32112.339
MinimumVisualStudioVersion = 10.0.40219.1
Project("{9A19103F-16F7-4668-BE54-9A1E7A4F7556}") = "Catering.Domain", "src\Catering.Domain\Catering.Domain.csproj", "{0555CD43-9375-4A0D-A0FB-1555C9D34D88}"
EndProject
Project("{9A19103F-16F7-4668-BE54-9A1E7A4F7556}") = "Catering.Domain.Test", "tests\Catering.Domain.Test\Catering.Domain.Test.csproj", "{CDD45496-5FE3-455D-951F-AF9B8199EFC5}"
EndProject
Project("{9A19103F-16F7-4668-BE54-9A1E7A4F7556}") = "Catering.Application", "src\Catering.Application\Catering.Application.csproj", "{D33548FF-A8A9-4D54-ADE9-B14F51D62D23}"
EndProject
Project("{9A19103F-16F7-4668-BE54-9A1E7A4F7556}") = "Catering.Infrastructure", "src\Catering.Infrastructure\Catering.Infrastructure.csproj", "{7D1A9036-DD44-4849-8360-F53EDE31C9F0}"
EndProject
Project("{9A19103F-16F7-4668-BE54-9A1E7A4F7556}") = "Catering.DependencyInjection", "src\Catering.DependencyInjection\Catering.DependencyInjection.csproj", "{49073A17-455F-4B84-AB1A-98151CDE2CC4}"
EndProject
Project("{FAE04EC0-301F-11D3-BF4B-00C04F79EFBC}") = "Catering.Api", "src\Catering.Api\Catering.Api.csproj", "{FE9ACD95-B39A-4375-9E81-FA658C156105}"
EndProject
Global
	GlobalSection(SolutionConfigurationPlatforms) = preSolution
		Debug|Any CPU = Debug|Any CPU
		Release|Any CPU = Release|Any CPU
	EndGlobalSection
	GlobalSection(ProjectConfigurationPlatforms) = postSolution
		{0555CD43-9375-4A0D-A0FB-1555C9D34D88}.Debug|Any CPU.ActiveCfg = Debug|Any CPU
		{0555CD43-9375-4A0D-A0FB-1555C9D34D88}.Debug|Any CPU.Build.0 = Debug|Any CPU
		{0555CD43-9375-4A0D-A0FB-1555C9D34D88}.Release|Any CPU.ActiveCfg = Release|Any CPU
		{0555CD43-9375-4A0D-A0FB-1555C9D34D88}.Release|Any CPU.Build.0 = Release|Any CPU
		{CDD45496-5FE3-455D-951F-AF9B8199EFC5}.Debug|Any CPU.ActiveCfg = Debug|Any CPU
		{CDD45496-5FE3-455D-951F-AF9B8199EFC5}.Debug|Any CPU.Build.0 = Debug|Any CPU
		{CDD45496-5FE3-455D-951F-AF9B8199EFC5}.Release|Any CPU.ActiveCfg = Release|Any CPU
		{CDD45496-5FE3-455D-951F-AF9B8199EFC5}.Release|Any CPU.Build.0 = Release|Any CPU
		{D33548FF-A8A9-4D54-ADE9-B14F51D62D23}.Debug|Any CPU.ActiveCfg = Debug|Any CPU
		{D33548FF-A8A9-4D54-ADE9-B14F51D62D23}.Debug|Any CPU.Build.0 = Debug|Any CPU
		{D33548FF-A8A9-4D54-ADE9-B14F51D62D23}.Release|Any CPU.ActiveCfg = Release|Any CPU
		{D33548FF-A8A9-4D54-ADE9-B14F51D62D23}.Release|Any CPU.Build.0 = Release|Any CPU
		{7D1A9036-DD44-4849-8360-F53EDE31C9F0}.Debug|Any CPU.ActiveCfg = Debug|Any CPU
		{7D1A9036-DD44-4849-8360-F53EDE31C9F0}.Debug|Any CPU.Build.0 = Debug|Any CPU
		{7D1A9036-DD44-4849-8360-F53EDE31C9F0}.Release|Any CPU.ActiveCfg = Release|Any CPU
		{7D1A9036-DD44-4849-8360-F53EDE31C9F0}.Release|Any CPU.Build.0 = Release|Any CPU
		{49073A17-455F-4B84-AB1A-98151CDE2CC4}.Debug|Any CPU.ActiveCfg = Debug|Any CPU
		{49073A17-455F-4B84-AB1A-98151CDE2CC4}.Debug|Any CPU.Build.0 = Debug|Any CPU
		{49073A17-455F-4B84-AB1A-98151CDE2CC4}.Release|Any CPU.ActiveCfg = Release|Any CPU
		{49073A17-455F-4B84-AB1A-98151CDE2CC4}.Release|Any CPU.Build.0 = Release|Any CPU
		{FE9ACD95-B39A-4375-9E81-FA658C156105}.Debug|Any CPU.ActiveCfg = Debug|Any CPU
		{FE9ACD95-B39A-4375-9E81-FA658C156105}.Debug|Any CPU.Build.0 = Debug|Any CPU
		{FE9ACD95-B39A-4375-9E81-FA658C156105}.Release|Any CPU.ActiveCfg = Release|Any CPU
		{FE9ACD95-B39A-4375-9E81-FA658C156105}.Release|Any CPU.Build.0 = Release|Any CPU
	EndGlobalSection
	GlobalSection(SolutionProperties) = preSolution
		HideSolutionNode = FALSE
	EndGlobalSection
	GlobalSection(ExtensibilityGlobals) = postSolution
		SolutionGuid = {50277E14-E5BF-4352-BA77-88FE1DF623F6}
	EndGlobalSection
EndGlobal
